
Microsoft Visual Studio Solution File, Format Version 12.00
# Visual Studio Version 17
VisualStudioVersion = 17.14.36518.9
MinimumVisualStudioVersion = 10.0.40219.1
Project("{FAE04EC0-301F-11D3-BF4B-00C04F79EFBC}") = "EmlakPortal.API", "EmlakPortal.API.csproj", "{ED958393-FE9A-4D6A-BE1D-EC6B5CBC7AD1}"
EndProject
Project("{FAE04EC0-301F-11D3-BF4B-00C04F79EFBC}") = "EmlakPortal.UI", "..\EmlakPortal.UI\EmlakPortal.UI.csproj", "{6AE61E81-FCE5-4D99-A861-BD71C266A58A}"
EndProject
Global
	GlobalSection(SolutionConfigurationPlatforms) = preSolution
		Debug|Any CPU = Debug|Any CPU
		Release|Any CPU = Release|Any CPU
	EndGlobalSection
	GlobalSection(ProjectConfigurationPlatforms) = postSolution
		{ED958393-FE9A-4D6A-BE1D-EC6B5CBC7AD1}.Debug|Any CPU.ActiveCfg = Debug|Any CPU
		{ED958393-FE9A-4D6A-BE1D-EC6B5CBC7AD1}.Debug|Any CPU.Build.0 = Debug|Any CPU
		{ED958393-FE9A-4D6A-BE1D-EC6B5CBC7AD1}.Release|Any CPU.ActiveCfg = Release|Any CPU
		{ED958393-FE9A-4D6A-BE1D-EC6B5CBC7AD1}.Release|Any CPU.Build.0 = Release|Any CPU
		{6AE61E81-FCE5-4D99-A861-BD71C266A58A}.Debug|Any CPU.ActiveCfg = Debug|Any CPU
		{6AE61E81-FCE5-4D99-A861-BD71C266A58A}.Debug|Any CPU.Build.0 = Debug|Any CPU
		{6AE61E81-FCE5-4D99-A861-BD71C266A58A}.Release|Any CPU.ActiveCfg = Release|Any CPU
		{6AE61E81-FCE5-4D99-A861-BD71C266A58A}.Release|Any CPU.Build.0 = Release|Any CPU
	EndGlobalSection
	GlobalSection(SolutionProperties) = preSolution
		HideSolutionNode = FALSE
	EndGlobalSection
	GlobalSection(ExtensibilityGlobals) = postSolution
		SolutionGuid = {65B047A7-4E0D-4928-AE79-A95E7389B264}
	EndGlobalSection
EndGlobal
